{
  "requires": true,
  "lockfileVersion": 1,
  "dependencies": {
    "@codemix/ts-sql": {
      "version": "1.0.0",
      "resolved": "https://registry.npmjs.org/@codemix/ts-sql/-/ts-sql-1.0.0.tgz",
      "integrity": "sha512-vA+UQH9kRtFE8p5spQTq17b2KqMceQgXUG0VX42UPDfUUiFYN04j8BFd6kKRXsvdv+JWxrYcSQ5GzuJQUEd5Kg=="
    }
  }
}
